{
  "name": "realestate",
  "version": "1.0.0",
  "lockfileVersion": 1,
  "requires": true,
  "dependencies": {
    "@a11y/focus-trap": {
      "version": "git+https://github.com/patrickarlt/focus-trap.git#de1fcb4d86a766515a7389603f04071e09703435",
      "from": "git+https://github.com/patrickarlt/focus-trap.git#conditional-define-build"
    },
    "@esri/calcite-components": {
      "version": "1.0.0-beta.13",
      "resolved": "https://registry.npmjs.org/@esri/calcite-components/-/calcite-components-1.0.0-beta.13.tgz",
      "integrity": "sha512-/xh+y4leXAY6Ed6AhJzUVDZftvURysWN3uWNe+kTwRN6RWR5bgtfnBjh7980UMZH4j0muMyVap337wRabR/vWw==",
      "requires": {
        "@a11y/focus-trap": "git+https://github.com/patrickarlt/focus-trap.git#conditional-define-build",
        "popper.js": "1.16.0"
      }
    },
    "@types/arcgis-js-api": {
      "version": "4.13.0",
      "resolved": "https://registry.npmjs.org/@types/arcgis-js-api/-/arcgis-js-api-4.13.0.tgz",
      "integrity": "sha512-b57TD45v8/lsLPqZJaEShL50+xfg+smm8TWOjTM/lkplXygCpHgWxtgWGX/XGfGxsasS/4bbXbduuSc1RbdrgQ=="
    },
    "@types/chai": {
      "version": "4.2.5",
      "resolved": "https://registry.npmjs.org/@types/chai/-/chai-4.2.5.tgz",
      "integrity": "sha512-YvbLiIc0DbbhiANrfVObdkLEHJksQZVq0Uvfg550SRAKVYaEJy+V70j65BVe2WNp6E3HtKsUczeijHFCjba3og==",
      "dev": true
    },
    "calcite-web": {
      "version": "github:Esri/calcite-web#152e2c81304e3526dec7d20fadadafdd73fbdc53",
      "from": "github:Esri/calcite-web#v1.2.5",
      "dev": true
    },
    "dojo-typings": {
      "version": "1.11.9",
      "resolved": "https://registry.npmjs.org/dojo-typings/-/dojo-typings-1.11.9.tgz",
      "integrity": "sha512-mh8w+Mau2Y1QfTEszEAdO7j6ycNhYxF/Ing6nAk1eUg6NxjeT0viVHjICMd9sU3U463vM2G+KfBBK5grk3/Mlw==",
      "dev": true,
      "requires": {
        "@types/chai": "^4.0.4"
      }
    },
    "popper.js": {
      "version": "1.16.0",
      "resolved": "https://registry.npmjs.org/popper.js/-/popper.js-1.16.0.tgz",
      "integrity": "sha512-+G+EkOPoE5S/zChTpmBSSDYmhXJ5PsW8eMhH8cP/CQHMFPBG/kC9Y5IIw6qNYgdJ+/COf0ddY2li28iHaZRSjw=="
    }
  }
}
